
Microsoft Visual Studio Solution File, Format Version 12.00
# Visual Studio Version 17
VisualStudioVersion = 17.12.35707.178
MinimumVisualStudioVersion = 10.0.40219.1
Project("{FAE04EC0-301F-11D3-BF4B-00C04F79EFBC}") = "NewTimer", "NewTimer\NewTimer.csproj", "{67D8AEE9-E8B6-45AB-B794-C680B5DB9E8E}"
EndProject
Project("{54435603-DBB4-11D2-8724-00A0C9A8B90C}") = "TimerSetup", "TimerSetup\TimerSetup.vdproj", "{D6C69522-CABC-4BFF-83AA-D9E60DD38779}"
EndProject
Project("{FAE04EC0-301F-11D3-BF4B-00C04F79EFBC}") = "TimerLib", "TimerLib\TimerLib.csproj", "{9C6C5628-0E0C-AA13-2C07-CE9E6B8B6D9D}"
EndProject
Project("{FAE04EC0-301F-11D3-BF4B-00C04F79EFBC}") = "PPTLib", "PPTLib\PPTLib.csproj", "{F21CCA41-6039-47B7-ACD2-44D694F1E56D}"
EndProject
Project("{FAE04EC0-301F-11D3-BF4B-00C04F79EFBC}") = "Infrastructure.Files", "Infrastructure.Files\Infrastructure.Files.csproj", "{ADF84E04-B4B7-2CB1-8CD0-E5982D392025}"
EndProject
Project("{FAE04EC0-301F-11D3-BF4B-00C04F79EFBC}") = "Data.Common", "Data.Common\Data.Common.csproj", "{2356B003-0F4D-FC30-86DF-DD1EFC8445BA}"
EndProject
Project("{FAE04EC0-301F-11D3-BF4B-00C04F79EFBC}") = "Data.Handler", "Data.Handler\Data.Handler.csproj", "{45EF896A-9F24-DC6C-7D44-16CB2A4DBB25}"
EndProject
Project("{FAE04EC0-301F-11D3-BF4B-00C04F79EFBC}") = "Infrastructure.Common", "Infrastructure.Common\Infrastructure.Common.csproj", "{8F71926B-38B3-03F7-DACE-C01257EAEC9D}"
EndProject
Project("{FAE04EC0-301F-11D3-BF4B-00C04F79EFBC}") = "ScoreCaculatorLib", "ScoreCaculatorLib\ScoreCaculatorLib.csproj", "{28CD88F3-C692-4DC2-70FB-B27D7B87C632}"
EndProject
Global
	GlobalSection(SolutionConfigurationPlatforms) = preSolution
		Debug|Any CPU = Debug|Any CPU
		Debug|x64 = Debug|x64
		Release|Any CPU = Release|Any CPU
		Release|x64 = Release|x64
	EndGlobalSection
	GlobalSection(ProjectConfigurationPlatforms) = postSolution
		{67D8AEE9-E8B6-45AB-B794-C680B5DB9E8E}.Debug|Any CPU.ActiveCfg = Debug|Any CPU
		{67D8AEE9-E8B6-45AB-B794-C680B5DB9E8E}.Debug|Any CPU.Build.0 = Debug|Any CPU
		{67D8AEE9-E8B6-45AB-B794-C680B5DB9E8E}.Debug|x64.ActiveCfg = Debug|x64
		{67D8AEE9-E8B6-45AB-B794-C680B5DB9E8E}.Debug|x64.Build.0 = Debug|x64
		{67D8AEE9-E8B6-45AB-B794-C680B5DB9E8E}.Release|Any CPU.ActiveCfg = Release|Any CPU
		{67D8AEE9-E8B6-45AB-B794-C680B5DB9E8E}.Release|Any CPU.Build.0 = Release|Any CPU
		{67D8AEE9-E8B6-45AB-B794-C680B5DB9E8E}.Release|x64.ActiveCfg = Release|Any CPU
		{67D8AEE9-E8B6-45AB-B794-C680B5DB9E8E}.Release|x64.Build.0 = Release|Any CPU
		{D6C69522-CABC-4BFF-83AA-D9E60DD38779}.Debug|Any CPU.ActiveCfg = Debug
		{D6C69522-CABC-4BFF-83AA-D9E60DD38779}.Debug|x64.ActiveCfg = Debug
		{D6C69522-CABC-4BFF-83AA-D9E60DD38779}.Release|Any CPU.ActiveCfg = Release
		{D6C69522-CABC-4BFF-83AA-D9E60DD38779}.Release|x64.ActiveCfg = Release
		{9C6C5628-0E0C-AA13-2C07-CE9E6B8B6D9D}.Debug|Any CPU.ActiveCfg = Debug|Any CPU
		{9C6C5628-0E0C-AA13-2C07-CE9E6B8B6D9D}.Debug|Any CPU.Build.0 = Debug|Any CPU
		{9C6C5628-0E0C-AA13-2C07-CE9E6B8B6D9D}.Debug|x64.ActiveCfg = Debug|x64
		{9C6C5628-0E0C-AA13-2C07-CE9E6B8B6D9D}.Debug|x64.Build.0 = Debug|x64
		{9C6C5628-0E0C-AA13-2C07-CE9E6B8B6D9D}.Release|Any CPU.ActiveCfg = Release|Any CPU
		{9C6C5628-0E0C-AA13-2C07-CE9E6B8B6D9D}.Release|Any CPU.Build.0 = Release|Any CPU
		{9C6C5628-0E0C-AA13-2C07-CE9E6B8B6D9D}.Release|x64.ActiveCfg = Release|x64
		{9C6C5628-0E0C-AA13-2C07-CE9E6B8B6D9D}.Release|x64.Build.0 = Release|x64
		{F21CCA41-6039-47B7-ACD2-44D694F1E56D}.Debug|Any CPU.ActiveCfg = Debug|Any CPU
		{F21CCA41-6039-47B7-ACD2-44D694F1E56D}.Debug|Any CPU.Build.0 = Debug|Any CPU
		{F21CCA41-6039-47B7-ACD2-44D694F1E56D}.Debug|x64.ActiveCfg = Debug|Any CPU
		{F21CCA41-6039-47B7-ACD2-44D694F1E56D}.Debug|x64.Build.0 = Debug|Any CPU
		{F21CCA41-6039-47B7-ACD2-44D694F1E56D}.Release|Any CPU.ActiveCfg = Release|Any CPU
		{F21CCA41-6039-47B7-ACD2-44D694F1E56D}.Release|Any CPU.Build.0 = Release|Any CPU
		{F21CCA41-6039-47B7-ACD2-44D694F1E56D}.Release|x64.ActiveCfg = Release|Any CPU
		{F21CCA41-6039-47B7-ACD2-44D694F1E56D}.Release|x64.Build.0 = Release|Any CPU
		{ADF84E04-B4B7-2CB1-8CD0-E5982D392025}.Debug|Any CPU.ActiveCfg = Debug|Any CPU
		{ADF84E04-B4B7-2CB1-8CD0-E5982D392025}.Debug|Any CPU.Build.0 = Debug|Any CPU
		{ADF84E04-B4B7-2CB1-8CD0-E5982D392025}.Debug|x64.ActiveCfg = Debug|x64
		{ADF84E04-B4B7-2CB1-8CD0-E5982D392025}.Debug|x64.Build.0 = Debug|x64
		{ADF84E04-B4B7-2CB1-8CD0-E5982D392025}.Release|Any CPU.ActiveCfg = Release|Any CPU
		{ADF84E04-B4B7-2CB1-8CD0-E5982D392025}.Release|Any CPU.Build.0 = Release|Any CPU
		{ADF84E04-B4B7-2CB1-8CD0-E5982D392025}.Release|x64.ActiveCfg = Release|x64
		{ADF84E04-B4B7-2CB1-8CD0-E5982D392025}.Release|x64.Build.0 = Release|x64
		{2356B003-0F4D-FC30-86DF-DD1EFC8445BA}.Debug|Any CPU.ActiveCfg = Debug|Any CPU
		{2356B003-0F4D-FC30-86DF-DD1EFC8445BA}.Debug|Any CPU.Build.0 = Debug|Any CPU
		{2356B003-0F4D-FC30-86DF-DD1EFC8445BA}.Debug|x64.ActiveCfg = Debug|x64
		{2356B003-0F4D-FC30-86DF-DD1EFC8445BA}.Debug|x64.Build.0 = Debug|x64
		{2356B003-0F4D-FC30-86DF-DD1EFC8445BA}.Release|Any CPU.ActiveCfg = Release|Any CPU
		{2356B003-0F4D-FC30-86DF-DD1EFC8445BA}.Release|Any CPU.Build.0 = Release|Any CPU
		{2356B003-0F4D-FC30-86DF-DD1EFC8445BA}.Release|x64.ActiveCfg = Release|x64
		{2356B003-0F4D-FC30-86DF-DD1EFC8445BA}.Release|x64.Build.0 = Release|x64
		{45EF896A-9F24-DC6C-7D44-16CB2A4DBB25}.Debug|Any CPU.ActiveCfg = Debug|Any CPU
		{45EF896A-9F24-DC6C-7D44-16CB2A4DBB25}.Debug|Any CPU.Build.0 = Debug|Any CPU
		{45EF896A-9F24-DC6C-7D44-16CB2A4DBB25}.Debug|x64.ActiveCfg = Debug|x64
		{45EF896A-9F24-DC6C-7D44-16CB2A4DBB25}.Debug|x64.Build.0 = Debug|x64
		{45EF896A-9F24-DC6C-7D44-16CB2A4DBB25}.Release|Any CPU.ActiveCfg = Release|Any CPU
		{45EF896A-9F24-DC6C-7D44-16CB2A4DBB25}.Release|Any CPU.Build.0 = Release|Any CPU
		{45EF896A-9F24-DC6C-7D44-16CB2A4DBB25}.Release|x64.ActiveCfg = Release|x64
		{45EF896A-9F24-DC6C-7D44-16CB2A4DBB25}.Release|x64.Build.0 = Release|x64
		{8F71926B-38B3-03F7-DACE-C01257EAEC9D}.Debug|Any CPU.ActiveCfg = Debug|Any CPU
		{8F71926B-38B3-03F7-DACE-C01257EAEC9D}.Debug|Any CPU.Build.0 = Debug|Any CPU
		{8F71926B-38B3-03F7-DACE-C01257EAEC9D}.Debug|x64.ActiveCfg = Debug|x64
		{8F71926B-38B3-03F7-DACE-C01257EAEC9D}.Debug|x64.Build.0 = Debug|x64
		{8F71926B-38B3-03F7-DACE-C01257EAEC9D}.Release|Any CPU.ActiveCfg = Release|Any CPU
		{8F71926B-38B3-03F7-DACE-C01257EAEC9D}.Release|Any CPU.Build.0 = Release|Any CPU
		{8F71926B-38B3-03F7-DACE-C01257EAEC9D}.Release|x64.ActiveCfg = Release|x64
		{8F71926B-38B3-03F7-DACE-C01257EAEC9D}.Release|x64.Build.0 = Release|x64
		{28CD88F3-C692-4DC2-70FB-B27D7B87C632}.Debug|Any CPU.ActiveCfg = Debug|Any CPU
		{28CD88F3-C692-4DC2-70FB-B27D7B87C632}.Debug|Any CPU.Build.0 = Debug|Any CPU
		{28CD88F3-C692-4DC2-70FB-B27D7B87C632}.Debug|x64.ActiveCfg = Debug|x64
		{28CD88F3-C692-4DC2-70FB-B27D7B87C632}.Debug|x64.Build.0 = Debug|x64
		{28CD88F3-C692-4DC2-70FB-B27D7B87C632}.Release|Any CPU.ActiveCfg = Release|Any CPU
		{28CD88F3-C692-4DC2-70FB-B27D7B87C632}.Release|Any CPU.Build.0 = Release|Any CPU
		{28CD88F3-C692-4DC2-70FB-B27D7B87C632}.Release|x64.ActiveCfg = Release|x64
		{28CD88F3-C692-4DC2-70FB-B27D7B87C632}.Release|x64.Build.0 = Release|x64
	EndGlobalSection
	GlobalSection(SolutionProperties) = preSolution
		HideSolutionNode = FALSE
	EndGlobalSection
	GlobalSection(ExtensibilityGlobals) = postSolution
		SolutionGuid = {4AAF74F8-5760-45AD-A3B4-EF7D870D0E9A}
	EndGlobalSection
EndGlobal
